Microsoft Visual Studio Solution File, Format Version 12.00
# Visual Studio Version 17
VisualStudioVersion = 17.5.2.0
MinimumVisualStudioVersion = 10.0.40219.1
Project("{FAE04EC0-301F-11D3-BF4B-00C04F79EFBC}") = "TDLXUtils", "TDLXUtils.csproj", "{0B9987AC-F039-10A5-635C-471F0790CAA5}"
EndProject
Global
	GlobalSection(SolutionConfigurationPlatforms) = preSolution
		Debug|Any CPU = Debug|Any CPU
		Release|Any CPU = Release|Any CPU
	EndGlobalSection
	GlobalSection(ProjectConfigurationPlatforms) = postSolution
		{0B9987AC-F039-10A5-635C-471F0790CAA5}.Debug|Any CPU.ActiveCfg = Debug|Any CPU
		{0B9987AC-F039-10A5-635C-471F0790CAA5}.Debug|Any CPU.Build.0 = Debug|Any CPU
		{0B9987AC-F039-10A5-635C-471F0790CAA5}.Release|Any CPU.ActiveCfg = Release|Any CPU
		{0B9987AC-F039-10A5-635C-471F0790CAA5}.Release|Any CPU.Build.0 = Release|Any CPU
	EndGlobalSection
	GlobalSection(SolutionProperties) = preSolution
		HideSolutionNode = FALSE
	EndGlobalSection
	GlobalSection(ExtensibilityGlobals) = postSolution
		SolutionGuid = {BF4B25F3-5A5A-47E8-B542-368D2D9245FF}
	EndGlobalSection
EndGlobal
